
Microsoft Visual Studio Solution File, Format Version 12.00
# Visual Studio 15
VisualStudioVersion = 15.0.28010.2041
MinimumVisualStudioVersion = 10.0.40219.1
Project("{FAE04EC0-301F-11D3-BF4B-00C04F79EFBC}") = "CDCMetal", "CDCMetal\CDCMetal.csproj", "{DAED9E36-7643-4B1A-811C-8D53FAB3CA2F}"
EndProject
Project("{FAE04EC0-301F-11D3-BF4B-00C04F79EFBC}") = "CDCMetal.Data", "CDCMetal.Data\CDCMetal.Data.csproj", "{ABC1393C-C106-4007-A556-A64C2BC189D6}"
EndProject
Project("{FAE04EC0-301F-11D3-BF4B-00C04F79EFBC}") = "CDCMetal.Entities", "CDCMetal.Entities\CDCMetal.Entities.csproj", "{30FD00F1-EC6C-42F0-B5AE-45EC03E86307}"
EndProject
Project("{FAE04EC0-301F-11D3-BF4B-00C04F79EFBC}") = "CDCMetal.Helpers", "CDCMetal.Helpers\CDCMetal.Helpers.csproj", "{2C9C360C-7B1B-4471-BC40-4633EFFAD067}"
EndProject
Project("{FAE04EC0-301F-11D3-BF4B-00C04F79EFBC}") = "CDCMetal.BLL", "CDCMetal.BLL\CDCMetal.BLL.csproj", "{C55B61C6-BADE-491D-B91B-0398EEE028A1}"
EndProject
Project("{FAE04EC0-301F-11D3-BF4B-00C04F79EFBC}") = "CDCMetal.Security", "CDCMetal.Security\CDCMetal.Security.csproj", "{C32536C3-2B76-47C8-954C-8EAB3082A967}"
EndProject
Global
	GlobalSection(SolutionConfigurationPlatforms) = preSolution
		Debug|Any CPU = Debug|Any CPU
		Release|Any CPU = Release|Any CPU
	EndGlobalSection
	GlobalSection(ProjectConfigurationPlatforms) = postSolution
		{DAED9E36-7643-4B1A-811C-8D53FAB3CA2F}.Debug|Any CPU.ActiveCfg = Debug|Any CPU
		{DAED9E36-7643-4B1A-811C-8D53FAB3CA2F}.Debug|Any CPU.Build.0 = Debug|Any CPU
		{DAED9E36-7643-4B1A-811C-8D53FAB3CA2F}.Release|Any CPU.ActiveCfg = Release|Any CPU
		{DAED9E36-7643-4B1A-811C-8D53FAB3CA2F}.Release|Any CPU.Build.0 = Release|Any CPU
		{ABC1393C-C106-4007-A556-A64C2BC189D6}.Debug|Any CPU.ActiveCfg = Debug|Any CPU
		{ABC1393C-C106-4007-A556-A64C2BC189D6}.Debug|Any CPU.Build.0 = Debug|Any CPU
		{ABC1393C-C106-4007-A556-A64C2BC189D6}.Release|Any CPU.ActiveCfg = Release|Any CPU
		{ABC1393C-C106-4007-A556-A64C2BC189D6}.Release|Any CPU.Build.0 = Release|Any CPU
		{30FD00F1-EC6C-42F0-B5AE-45EC03E86307}.Debug|Any CPU.ActiveCfg = Debug|Any CPU
		{30FD00F1-EC6C-42F0-B5AE-45EC03E86307}.Debug|Any CPU.Build.0 = Debug|Any CPU
		{30FD00F1-EC6C-42F0-B5AE-45EC03E86307}.Release|Any CPU.ActiveCfg = Release|Any CPU
		{30FD00F1-EC6C-42F0-B5AE-45EC03E86307}.Release|Any CPU.Build.0 = Release|Any CPU
		{2C9C360C-7B1B-4471-BC40-4633EFFAD067}.Debug|Any CPU.ActiveCfg = Debug|Any CPU
		{2C9C360C-7B1B-4471-BC40-4633EFFAD067}.Debug|Any CPU.Build.0 = Debug|Any CPU
		{2C9C360C-7B1B-4471-BC40-4633EFFAD067}.Release|Any CPU.ActiveCfg = Release|Any CPU
		{2C9C360C-7B1B-4471-BC40-4633EFFAD067}.Release|Any CPU.Build.0 = Release|Any CPU
		{C55B61C6-BADE-491D-B91B-0398EEE028A1}.Debug|Any CPU.ActiveCfg = Debug|Any CPU
		{C55B61C6-BADE-491D-B91B-0398EEE028A1}.Debug|Any CPU.Build.0 = Debug|Any CPU
		{C55B61C6-BADE-491D-B91B-0398EEE028A1}.Release|Any CPU.ActiveCfg = Release|Any CPU
		{C55B61C6-BADE-491D-B91B-0398EEE028A1}.Release|Any CPU.Build.0 = Release|Any CPU
		{C32536C3-2B76-47C8-954C-8EAB3082A967}.Debug|Any CPU.ActiveCfg = Debug|Any CPU
		{C32536C3-2B76-47C8-954C-8EAB3082A967}.Debug|Any CPU.Build.0 = Debug|Any CPU
		{C32536C3-2B76-47C8-954C-8EAB3082A967}.Release|Any CPU.ActiveCfg = Release|Any CPU
		{C32536C3-2B76-47C8-954C-8EAB3082A967}.Release|Any CPU.Build.0 = Release|Any CPU
	EndGlobalSection
	GlobalSection(SolutionProperties) = preSolution
		HideSolutionNode = FALSE
	EndGlobalSection
	GlobalSection(ExtensibilityGlobals) = postSolution
		SolutionGuid = {BE69D082-3F82-4CBD-937C-D24E3516AC4A}
	EndGlobalSection
EndGlobal
