
Microsoft Visual Studio Solution File, Format Version 12.00
# Visual Studio 15
VisualStudioVersion = 15.0.28307.1259
MinimumVisualStudioVersion = 10.0.40219.1
Project("{FAE04EC0-301F-11D3-BF4B-00C04F79EFBC}") = "CDCMetal", "CDCMetal\CDCMetal.csproj", "{664D7DB0-2598-485C-8EAE-77B58780FBF4}"
EndProject
Project("{FAE04EC0-301F-11D3-BF4B-00C04F79EFBC}") = "CDCMetal.Data", "CDCMetal.Data\CDCMetal.Data.csproj", "{9EE728E2-65C5-40EC-B867-F68ABE959AA3}"
EndProject
Global
	GlobalSection(SolutionConfigurationPlatforms) = preSolution
		Debug|Any CPU = Debug|Any CPU
		Release|Any CPU = Release|Any CPU
	EndGlobalSection
	GlobalSection(ProjectConfigurationPlatforms) = postSolution
		{664D7DB0-2598-485C-8EAE-77B58780FBF4}.Debug|Any CPU.ActiveCfg = Debug|Any CPU
		{664D7DB0-2598-485C-8EAE-77B58780FBF4}.Debug|Any CPU.Build.0 = Debug|Any CPU
		{664D7DB0-2598-485C-8EAE-77B58780FBF4}.Release|Any CPU.ActiveCfg = Release|Any CPU
		{664D7DB0-2598-485C-8EAE-77B58780FBF4}.Release|Any CPU.Build.0 = Release|Any CPU
		{9EE728E2-65C5-40EC-B867-F68ABE959AA3}.Debug|Any CPU.ActiveCfg = Debug|Any CPU
		{9EE728E2-65C5-40EC-B867-F68ABE959AA3}.Debug|Any CPU.Build.0 = Debug|Any CPU
		{9EE728E2-65C5-40EC-B867-F68ABE959AA3}.Release|Any CPU.ActiveCfg = Release|Any CPU
		{9EE728E2-65C5-40EC-B867-F68ABE959AA3}.Release|Any CPU.Build.0 = Release|Any CPU
	EndGlobalSection
	GlobalSection(SolutionProperties) = preSolution
		HideSolutionNode = FALSE
	EndGlobalSection
	GlobalSection(ExtensibilityGlobals) = postSolution
		SolutionGuid = {EA04061E-D6E5-40A6-9F3E-E95D7D19859B}
	EndGlobalSection
EndGlobal
